
Microsoft Visual Studio Solution File, Format Version 11.00
# Visual Studio 2010
Project("{FAE04EC0-301F-11D3-BF4B-00C04F79EFBC}") = "3DCG-prototype", "Assembly-CSharp-firstpass.csproj", "{A723EFB2-84D1-80B0-9498-4DA9BA86B919}"
EndProject
Project("{FAE04EC0-301F-11D3-BF4B-00C04F79EFBC}") = "3DCG-prototype", "Assembly-CSharp.csproj", "{1E928170-6ECB-2DFE-E401-1E22BE6A1CEE}"
EndProject
Project("{FAE04EC0-301F-11D3-BF4B-00C04F79EFBC}") = "3DCG-prototype", "Assembly-CSharp-Editor-firstpass.csproj", "{693B513B-B46A-3D7D-0300-8E504ACA039C}"
EndProject
Global
	GlobalSection(SolutionConfigurationPlatforms) = preSolution
		Debug|Any CPU = Debug|Any CPU
		Release|Any CPU = Release|Any CPU
	EndGlobalSection
	GlobalSection(ProjectConfigurationPlatforms) = postSolution
		{A723EFB2-84D1-80B0-9498-4DA9BA86B919}.Debug|Any CPU.ActiveCfg = Debug|Any CPU
		{A723EFB2-84D1-80B0-9498-4DA9BA86B919}.Debug|Any CPU.Build.0 = Debug|Any CPU
		{A723EFB2-84D1-80B0-9498-4DA9BA86B919}.Release|Any CPU.ActiveCfg = Release|Any CPU
		{A723EFB2-84D1-80B0-9498-4DA9BA86B919}.Release|Any CPU.Build.0 = Release|Any CPU
		{1E928170-6ECB-2DFE-E401-1E22BE6A1CEE}.Debug|Any CPU.ActiveCfg = Debug|Any CPU
		{1E928170-6ECB-2DFE-E401-1E22BE6A1CEE}.Debug|Any CPU.Build.0 = Debug|Any CPU
		{1E928170-6ECB-2DFE-E401-1E22BE6A1CEE}.Release|Any CPU.ActiveCfg = Release|Any CPU
		{1E928170-6ECB-2DFE-E401-1E22BE6A1CEE}.Release|Any CPU.Build.0 = Release|Any CPU
		{693B513B-B46A-3D7D-0300-8E504ACA039C}.Debug|Any CPU.ActiveCfg = Debug|Any CPU
		{693B513B-B46A-3D7D-0300-8E504ACA039C}.Debug|Any CPU.Build.0 = Debug|Any CPU
		{693B513B-B46A-3D7D-0300-8E504ACA039C}.Release|Any CPU.ActiveCfg = Release|Any CPU
		{693B513B-B46A-3D7D-0300-8E504ACA039C}.Release|Any CPU.Build.0 = Release|Any CPU
	EndGlobalSection
	GlobalSection(SolutionProperties) = preSolution
		HideSolutionNode = FALSE
	EndGlobalSection
	GlobalSection(MonoDevelopProperties) = preSolution
		StartupItem = Assembly-CSharp.csproj
	EndGlobalSection
EndGlobal
